
Microsoft Visual Studio Solution File, Format Version 12.00
# Visual Studio Version 16
VisualStudioVersion = 16.0.32228.343
MinimumVisualStudioVersion = 10.0.40219.1
Project("{FAE04EC0-301F-11D3-BF4B-00C04F79EFBC}") = "Api", "Api\Api.csproj", "{6DE911C3-6BBE-4DE4-B216-17283F5A9503}"
EndProject
Project("{FAE04EC0-301F-11D3-BF4B-00C04F79EFBC}") = "Domain", "Domain\Domain.csproj", "{CC74AE1D-42B4-4E9B-8E1C-1934FEC9C424}"
EndProject
Project("{FAE04EC0-301F-11D3-BF4B-00C04F79EFBC}") = "Data", "Data\Data.csproj", "{CC30E78D-37CA-417B-8F14-4BF1391BE056}"
EndProject
Global
	GlobalSection(SolutionConfigurationPlatforms) = preSolution
		Debug|Any CPU = Debug|Any CPU
		Release|Any CPU = Release|Any CPU
	EndGlobalSection
	GlobalSection(ProjectConfigurationPlatforms) = postSolution
		{6DE911C3-6BBE-4DE4-B216-17283F5A9503}.Debug|Any CPU.ActiveCfg = Debug|Any CPU
		{6DE911C3-6BBE-4DE4-B216-17283F5A9503}.Debug|Any CPU.Build.0 = Debug|Any CPU
		{6DE911C3-6BBE-4DE4-B216-17283F5A9503}.Release|Any CPU.ActiveCfg = Release|Any CPU
		{6DE911C3-6BBE-4DE4-B216-17283F5A9503}.Release|Any CPU.Build.0 = Release|Any CPU
		{CC74AE1D-42B4-4E9B-8E1C-1934FEC9C424}.Debug|Any CPU.ActiveCfg = Debug|Any CPU
		{CC74AE1D-42B4-4E9B-8E1C-1934FEC9C424}.Debug|Any CPU.Build.0 = Debug|Any CPU
		{CC74AE1D-42B4-4E9B-8E1C-1934FEC9C424}.Release|Any CPU.ActiveCfg = Release|Any CPU
		{CC74AE1D-42B4-4E9B-8E1C-1934FEC9C424}.Release|Any CPU.Build.0 = Release|Any CPU
		{CC30E78D-37CA-417B-8F14-4BF1391BE056}.Debug|Any CPU.ActiveCfg = Debug|Any CPU
		{CC30E78D-37CA-417B-8F14-4BF1391BE056}.Debug|Any CPU.Build.0 = Debug|Any CPU
		{CC30E78D-37CA-417B-8F14-4BF1391BE056}.Release|Any CPU.ActiveCfg = Release|Any CPU
		{CC30E78D-37CA-417B-8F14-4BF1391BE056}.Release|Any CPU.Build.0 = Release|Any CPU
	EndGlobalSection
	GlobalSection(SolutionProperties) = preSolution
		HideSolutionNode = FALSE
	EndGlobalSection
	GlobalSection(ExtensibilityGlobals) = postSolution
		SolutionGuid = {EB146383-5A6E-4EFB-ACEF-B5B592C215D4}
	EndGlobalSection
EndGlobal
